
Microsoft Visual Studio Solution File, Format Version 12.00
# Visual Studio Version 17
VisualStudioVersion = 17.14.36603.0 d17.14
MinimumVisualStudioVersion = 10.0.40219.1
Project("{FAE04EC0-301F-11D3-BF4B-00C04F79EFBC}") = "ObjectDetection", "ObjectDetection.csproj", "{3DE81D78-A824-45B5-8C2D-9591610ADB85}"
EndProject
Global
	GlobalSection(SolutionConfigurationPlatforms) = preSolution
		Debug|Any CPU = Debug|Any CPU
		Release|Any CPU = Release|Any CPU
	EndGlobalSection
	GlobalSection(ProjectConfigurationPlatforms) = postSolution
		{3DE81D78-A824-45B5-8C2D-9591610ADB85}.Debug|Any CPU.ActiveCfg = Debug|Any CPU
		{3DE81D78-A824-45B5-8C2D-9591610ADB85}.Debug|Any CPU.Build.0 = Debug|Any CPU
		{3DE81D78-A824-45B5-8C2D-9591610ADB85}.Release|Any CPU.ActiveCfg = Release|Any CPU
		{3DE81D78-A824-45B5-8C2D-9591610ADB85}.Release|Any CPU.Build.0 = Release|Any CPU
	EndGlobalSection
	GlobalSection(SolutionProperties) = preSolution
		HideSolutionNode = FALSE
	EndGlobalSection
	GlobalSection(ExtensibilityGlobals) = postSolution
		SolutionGuid = {7ACC24DA-377A-43FB-A643-2549E9B00212}
	EndGlobalSection
EndGlobal
